
Microsoft Visual Studio Solution File, Format Version 12.00
# Visual Studio Version 17
VisualStudioVersion = 17.8.34330.188
MinimumVisualStudioVersion = 10.0.40219.1
Project("{FAE04EC0-301F-11D3-BF4B-00C04F79EFBC}") = "UDPTestTool", "UDPTestTool\UDPTestTool.csproj", "{3A0D0915-7B8C-48BB-BB8B-3D24CB008DD2}"
EndProject
Global
	GlobalSection(SolutionConfigurationPlatforms) = preSolution
		Debug|Any CPU = Debug|Any CPU
		Release|Any CPU = Release|Any CPU
	EndGlobalSection
	GlobalSection(ProjectConfigurationPlatforms) = postSolution
		{3A0D0915-7B8C-48BB-BB8B-3D24CB008DD2}.Debug|Any CPU.ActiveCfg = Debug|Any CPU
		{3A0D0915-7B8C-48BB-BB8B-3D24CB008DD2}.Debug|Any CPU.Build.0 = Debug|Any CPU
		{3A0D0915-7B8C-48BB-BB8B-3D24CB008DD2}.Release|Any CPU.ActiveCfg = Release|Any CPU
		{3A0D0915-7B8C-48BB-BB8B-3D24CB008DD2}.Release|Any CPU.Build.0 = Release|Any CPU
	EndGlobalSection
	GlobalSection(SolutionProperties) = preSolution
		HideSolutionNode = FALSE
	EndGlobalSection
	GlobalSection(ExtensibilityGlobals) = postSolution
		SolutionGuid = {FDAEAF3A-A390-4C38-AC89-62F94C5F0B26}
	EndGlobalSection
EndGlobal
